
Microsoft Visual Studio Solution File, Format Version 12.00
# Visual Studio Version 16
VisualStudioVersion = 16.0.30114.105
MinimumVisualStudioVersion = 10.0.40219.1
Project("{9A19103F-16F7-4668-BE54-9A1E7A4F7556}") = "OrderProcessManagement", "OrderProcessManagement.csproj", "{D48519CF-A8B4-4C2D-A3A0-459262EEC5D2}"
EndProject
Project("{FAE04EC0-301F-11D3-BF4B-00C04F79EFBC}") = "OrderProcessManagementTests", "..\OrderProcessManagementTests\OrderProcessManagementTests.csproj", "{479E0598-132C-460F-B761-4405419A71EF}"
EndProject
Global
	GlobalSection(SolutionConfigurationPlatforms) = preSolution
		Debug|Any CPU = Debug|Any CPU
		Release|Any CPU = Release|Any CPU
	EndGlobalSection
	GlobalSection(ProjectConfigurationPlatforms) = postSolution
		{D48519CF-A8B4-4C2D-A3A0-459262EEC5D2}.Debug|Any CPU.ActiveCfg = Debug|Any CPU
		{D48519CF-A8B4-4C2D-A3A0-459262EEC5D2}.Debug|Any CPU.Build.0 = Debug|Any CPU
		{D48519CF-A8B4-4C2D-A3A0-459262EEC5D2}.Release|Any CPU.ActiveCfg = Release|Any CPU
		{D48519CF-A8B4-4C2D-A3A0-459262EEC5D2}.Release|Any CPU.Build.0 = Release|Any CPU
		{479E0598-132C-460F-B761-4405419A71EF}.Debug|Any CPU.ActiveCfg = Debug|Any CPU
		{479E0598-132C-460F-B761-4405419A71EF}.Debug|Any CPU.Build.0 = Debug|Any CPU
		{479E0598-132C-460F-B761-4405419A71EF}.Release|Any CPU.ActiveCfg = Release|Any CPU
		{479E0598-132C-460F-B761-4405419A71EF}.Release|Any CPU.Build.0 = Release|Any CPU
	EndGlobalSection
	GlobalSection(SolutionProperties) = preSolution
		HideSolutionNode = FALSE
	EndGlobalSection
	GlobalSection(ExtensibilityGlobals) = postSolution
		SolutionGuid = {ACBE00E0-8637-4065-A0B2-93FB1AA7F3A6}
	EndGlobalSection
EndGlobal
